{
  "requires": true,
  "lockfileVersion": 1,
  "dependencies": {
    "nodemailer": {
      "version": "6.1.1",
      "resolved": "https://registry.npmjs.org/nodemailer/-/nodemailer-6.1.1.tgz",
      "integrity": "sha512-/x5MRIh56VyuuhLfcz+DL2SlBARpZpgQIf2A4Ao4hMb69MHSgDIMPwYmFwesGT1lkRDZ0eBSoym5+JoIZ3N+cQ=="
    }
  }
}
